
Microsoft Visual Studio Solution File, Format Version 12.00
# Visual Studio 2012
Project("{FAE04EC0-301F-11D3-BF4B-00C04F79EFBC}") = "Core", "Core\Core.csproj", "{8C6231CB-013C-471F-B454-06139FA359AE}"
EndProject
Project("{FAE04EC0-301F-11D3-BF4B-00C04F79EFBC}") = "DataAccessClient", "DataAccessClient\DataAccessClient.csproj", "{3F36095A-CCBD-4073-97C9-C7381475AAED}"
EndProject
Project("{FAE04EC0-301F-11D3-BF4B-00C04F79EFBC}") = "TestTool", "TestTool\TestTool.csproj", "{74C684A1-EDFF-42EC-8D8B-0ED904D3430C}"
EndProject
Project("{2150E333-8FDC-42A3-9474-1A3956D46DE8}") = ".nuget", ".nuget", "{43EA42AA-F852-48DA-A58A-5079AA65DD05}"
	ProjectSection(SolutionItems) = preProject
		.nuget\NuGet.Config = .nuget\NuGet.Config
		.nuget\NuGet.exe = .nuget\NuGet.exe
		.nuget\NuGet.targets = .nuget\NuGet.targets
	EndProjectSection
EndProject
Global
	GlobalSection(SolutionConfigurationPlatforms) = preSolution
		Debug|Any CPU = Debug|Any CPU
		Release|Any CPU = Release|Any CPU
	EndGlobalSection
	GlobalSection(ProjectConfigurationPlatforms) = postSolution
		{8C6231CB-013C-471F-B454-06139FA359AE}.Debug|Any CPU.ActiveCfg = Debug|Any CPU
		{8C6231CB-013C-471F-B454-06139FA359AE}.Debug|Any CPU.Build.0 = Debug|Any CPU
		{8C6231CB-013C-471F-B454-06139FA359AE}.Release|Any CPU.ActiveCfg = Release|Any CPU
		{8C6231CB-013C-471F-B454-06139FA359AE}.Release|Any CPU.Build.0 = Release|Any CPU
		{3F36095A-CCBD-4073-97C9-C7381475AAED}.Debug|Any CPU.ActiveCfg = Debug|Any CPU
		{3F36095A-CCBD-4073-97C9-C7381475AAED}.Debug|Any CPU.Build.0 = Debug|Any CPU
		{3F36095A-CCBD-4073-97C9-C7381475AAED}.Release|Any CPU.ActiveCfg = Release|Any CPU
		{3F36095A-CCBD-4073-97C9-C7381475AAED}.Release|Any CPU.Build.0 = Release|Any CPU
		{74C684A1-EDFF-42EC-8D8B-0ED904D3430C}.Debug|Any CPU.ActiveCfg = Debug|Any CPU
		{74C684A1-EDFF-42EC-8D8B-0ED904D3430C}.Debug|Any CPU.Build.0 = Debug|Any CPU
		{74C684A1-EDFF-42EC-8D8B-0ED904D3430C}.Release|Any CPU.ActiveCfg = Release|Any CPU
		{74C684A1-EDFF-42EC-8D8B-0ED904D3430C}.Release|Any CPU.Build.0 = Release|Any CPU
	EndGlobalSection
	GlobalSection(SolutionProperties) = preSolution
		HideSolutionNode = FALSE
	EndGlobalSection
EndGlobal
